
Microsoft Visual Studio Solution File, Format Version 12.00
# Visual Studio Version 17
VisualStudioVersion = 17.10.35122.118
MinimumVisualStudioVersion = 10.0.40219.1
Project("{9A19103F-16F7-4668-BE54-9A1E7A4F7556}") = "CMCS", "CMCS\CMCS.csproj", "{6BF82DFA-6941-4D6B-B6E1-3A3E6F150342}"
EndProject
Project("{FAE04EC0-301F-11D3-BF4B-00C04F79EFBC}") = "CMCSTest", "CMCSTest\CMCSTest.csproj", "{795BDC21-6100-4714-9FDD-4169FF0C3056}"
EndProject
Global
	GlobalSection(SolutionConfigurationPlatforms) = preSolution
		Debug|Any CPU = Debug|Any CPU
		Release|Any CPU = Release|Any CPU
	EndGlobalSection
	GlobalSection(ProjectConfigurationPlatforms) = postSolution
		{6BF82DFA-6941-4D6B-B6E1-3A3E6F150342}.Debug|Any CPU.ActiveCfg = Debug|Any CPU
		{6BF82DFA-6941-4D6B-B6E1-3A3E6F150342}.Debug|Any CPU.Build.0 = Debug|Any CPU
		{6BF82DFA-6941-4D6B-B6E1-3A3E6F150342}.Release|Any CPU.ActiveCfg = Release|Any CPU
		{6BF82DFA-6941-4D6B-B6E1-3A3E6F150342}.Release|Any CPU.Build.0 = Release|Any CPU
		{795BDC21-6100-4714-9FDD-4169FF0C3056}.Debug|Any CPU.ActiveCfg = Debug|Any CPU
		{795BDC21-6100-4714-9FDD-4169FF0C3056}.Debug|Any CPU.Build.0 = Debug|Any CPU
		{795BDC21-6100-4714-9FDD-4169FF0C3056}.Release|Any CPU.ActiveCfg = Release|Any CPU
		{795BDC21-6100-4714-9FDD-4169FF0C3056}.Release|Any CPU.Build.0 = Release|Any CPU
	EndGlobalSection
	GlobalSection(SolutionProperties) = preSolution
		HideSolutionNode = FALSE
	EndGlobalSection
	GlobalSection(ExtensibilityGlobals) = postSolution
		SolutionGuid = {C275A83A-6837-4E3B-889F-30AB3FB106E5}
	EndGlobalSection
EndGlobal
